
Microsoft Visual Studio Solution File, Format Version 12.00
# Visual Studio Version 17
VisualStudioVersion = 17.1.32228.430
MinimumVisualStudioVersion = 10.0.40219.1
Project("{FAE04EC0-301F-11D3-BF4B-00C04F79EFBC}") = "ATM", "ATM\ATM.csproj", "{4B7C9A6A-1A2E-4D73-AD31-2DB7E4DE43E8}"
EndProject
Global
	GlobalSection(SolutionConfigurationPlatforms) = preSolution
		Debug|Any CPU = Debug|Any CPU
		Release|Any CPU = Release|Any CPU
	EndGlobalSection
	GlobalSection(ProjectConfigurationPlatforms) = postSolution
		{4B7C9A6A-1A2E-4D73-AD31-2DB7E4DE43E8}.Debug|Any CPU.ActiveCfg = Debug|Any CPU
		{4B7C9A6A-1A2E-4D73-AD31-2DB7E4DE43E8}.Debug|Any CPU.Build.0 = Debug|Any CPU
		{4B7C9A6A-1A2E-4D73-AD31-2DB7E4DE43E8}.Release|Any CPU.ActiveCfg = Release|Any CPU
		{4B7C9A6A-1A2E-4D73-AD31-2DB7E4DE43E8}.Release|Any CPU.Build.0 = Release|Any CPU
	EndGlobalSection
	GlobalSection(SolutionProperties) = preSolution
		HideSolutionNode = FALSE
	EndGlobalSection
	GlobalSection(ExtensibilityGlobals) = postSolution
		SolutionGuid = {F0860A3C-7A84-4413-A4D6-F86E35FA5789}
	EndGlobalSection
EndGlobal
